// !$*UTF8*$!
{
	archiveVersion = 1;
	classes = {
	};
	objectVersion = 50;
	objects = {

/* Begin PBXBuildFile section */
		960137AB2423A066004DEDE1 /* AppDelegate.swift in Sources */ = {isa = PBXBuildFile; fileRef = 960137AA2423A066004DEDE1 /* AppDelegate.swift */; };
		960137AF2423A066004DEDE1 /* ViewController.swift in Sources */ = {isa = PBXBuildFile; fileRef = 960137AE2423A066004DEDE1 /* ViewController.swift */; };
		960137B42423A068004DEDE1 /* Assets.xcassets in Resources */ = {isa = PBXBuildFile; fileRef = 960137B32423A068004DEDE1 /* Assets.xcassets */; };
		960137B72423A068004DEDE1 /* LaunchScreen.storyboard in Resources */ = {isa = PBXBuildFile; fileRef = 960137B52423A068004DEDE1 /* LaunchScreen.storyboard */; };
		960138192423A0ED004DEDE1 /* MayaNetWork.swift in Sources */ = {isa = PBXBuildFile; fileRef = 960138182423A0ED004DEDE1 /* MayaNetWork.swift */; };
		9601381B2423A0FD004DEDE1 /* Reachability.swift in Sources */ = {isa = PBXBuildFile; fileRef = 9601381A2423A0FD004DEDE1 /* Reachability.swift */; };
		9601381D2423A146004DEDE1 /* XLDevice.swift in Sources */ = {isa = PBXBuildFile; fileRef = 9601381C2423A146004DEDE1 /* XLDevice.swift */; };
		9601387F2423A5E2004DEDE1 /* BYMediaPlaySession.swift in Sources */ = {isa = PBXBuildFile; fileRef = 960138602423A5E2004DEDE1 /* BYMediaPlaySession.swift */; };
		960138802423A5E2004DEDE1 /* BYMediaManager.swift in Sources */ = {isa = PBXBuildFile; fileRef = 960138612423A5E2004DEDE1 /* BYMediaManager.swift */; };
		960138812423A5E2004DEDE1 /* BYMediaPlaySessionProtocol.swift in Sources */ = {isa = PBXBuildFile; fileRef = 960138622423A5E2004DEDE1 /* BYMediaPlaySessionProtocol.swift */; };
		960138822423A5E2004DEDE1 /* BYMediaMeasuringLog.swift in Sources */ = {isa = PBXBuildFile; fileRef = 960138642423A5E2004DEDE1 /* BYMediaMeasuringLog.swift */; };
		960138832423A5E2004DEDE1 /* BYMediaDevice.swift in Sources */ = {isa = PBXBuildFile; fileRef = 960138652423A5E2004DEDE1 /* BYMediaDevice.swift */; };
		960138842423A5E2004DEDE1 /* BYMediaColor.swift in Sources */ = {isa = PBXBuildFile; fileRef = 960138662423A5E2004DEDE1 /* BYMediaColor.swift */; };
		960138852423A5E2004DEDE1 /* BYMediaLog.swift in Sources */ = {isa = PBXBuildFile; fileRef = 960138672423A5E2004DEDE1 /* BYMediaLog.swift */; };
		960138862423A5E2004DEDE1 /* BYSlider.swift in Sources */ = {isa = PBXBuildFile; fileRef = 960138692423A5E2004DEDE1 /* BYSlider.swift */; };
		960138872423A5E2004DEDE1 /* BYSliderLayer.swift in Sources */ = {isa = PBXBuildFile; fileRef = 9601386A2423A5E2004DEDE1 /* BYSliderLayer.swift */; };
		960138882423A5E2004DEDE1 /* BYLoadingLayer.swift in Sources */ = {isa = PBXBuildFile; fileRef = 9601386B2423A5E2004DEDE1 /* BYLoadingLayer.swift */; };
		960138892423A5E2004DEDE1 /* BYFullScreenController.swift in Sources */ = {isa = PBXBuildFile; fileRef = 9601386C2423A5E2004DEDE1 /* BYFullScreenController.swift */; };
		9601388A2423A5E2004DEDE1 /* BYPlayerLayer.swift in Sources */ = {isa = PBXBuildFile; fileRef = 9601386D2423A5E2004DEDE1 /* BYPlayerLayer.swift */; };
		9601388B2423A5E2004DEDE1 /* BYMediaRemoteControlNotifcation.swift in Sources */ = {isa = PBXBuildFile; fileRef = 9601386F2423A5E2004DEDE1 /* BYMediaRemoteControlNotifcation.swift */; };
		9601388C2423A5E2004DEDE1 /* BYMediaPlayNotifcation.swift in Sources */ = {isa = PBXBuildFile; fileRef = 960138702423A5E2004DEDE1 /* BYMediaPlayNotifcation.swift */; };
		9601388D2423A5E2004DEDE1 /* BYMediaPlayManager.swift in Sources */ = {isa = PBXBuildFile; fileRef = 960138722423A5E2004DEDE1 /* BYMediaPlayManager.swift */; };
		9601388E2423A5E2004DEDE1 /* BYMediaStreams.swift in Sources */ = {isa = PBXBuildFile; fileRef = 960138732423A5E2004DEDE1 /* BYMediaStreams.swift */; };
		9601388F2423A5E2004DEDE1 /* BYMediaStreamsProtocol.swift in Sources */ = {isa = PBXBuildFile; fileRef = 960138742423A5E2004DEDE1 /* BYMediaStreamsProtocol.swift */; };
		960138902423A5E2004DEDE1 /* BYMediaViewController.swift in Sources */ = {isa = PBXBuildFile; fileRef = 960138762423A5E2004DEDE1 /* BYMediaViewController.swift */; };
		960138912423A5E2004DEDE1 /* BYMediaHuYaController.swift in Sources */ = {isa = PBXBuildFile; fileRef = 960138782423A5E2004DEDE1 /* BYMediaHuYaController.swift */; };
		960138922423A5E2004DEDE1 /* BYMediaWeiBoController.swift in Sources */ = {isa = PBXBuildFile; fileRef = 960138792423A5E2004DEDE1 /* BYMediaWeiBoController.swift */; };
		960138932423A5E2004DEDE1 /* BYMediaDouYinController.swift in Sources */ = {isa = PBXBuildFile; fileRef = 9601387A2423A5E2004DEDE1 /* BYMediaDouYinController.swift */; };
		960138942423A5E2004DEDE1 /* BYMediaDataSource.swift in Sources */ = {isa = PBXBuildFile; fileRef = 9601387B2423A5E2004DEDE1 /* BYMediaDataSource.swift */; };
		960138952423A5E2004DEDE1 /* BYMediaDouYinCell.swift in Sources */ = {isa = PBXBuildFile; fileRef = 9601387D2423A5E2004DEDE1 /* BYMediaDouYinCell.swift */; };
		960138962423A5E2004DEDE1 /* BYMediaHuYaCell.swift in Sources */ = {isa = PBXBuildFile; fileRef = 9601387E2423A5E2004DEDE1 /* BYMediaHuYaCell.swift */; };
/* End PBXBuildFile section */

/* Begin PBXFileReference section */
		960137A72423A066004DEDE1 /* BYPlayer.app */ = {isa = PBXFileReference; explicitFileType = wrapper.application; includeInIndex = 0; path = BYPlayer.app; sourceTree = BUILT_PRODUCTS_DIR; };
		960137AA2423A066004DEDE1 /* AppDelegate.swift */ = {isa = PBXFileReference; lastKnownFileType = sourcecode.swift; path = AppDelegate.swift; sourceTree = "<group>"; };
		960137AE2423A066004DEDE1 /* ViewController.swift */ = {isa = PBXFileReference; lastKnownFileType = sourcecode.swift; path = ViewController.swift; sourceTree = "<group>"; };
		960137B32423A068004DEDE1 /* Assets.xcassets */ = {isa = PBXFileReference; lastKnownFileType = folder.assetcatalog; path = Assets.xcassets; sourceTree = "<group>"; };
		960137B62423A068004DEDE1 /* Base */ = {isa = PBXFileReference; lastKnownFileType = file.storyboard; name = Base; path = Base.lproj/LaunchScreen.storyboard; sourceTree = "<group>"; };
		960137B82423A068004DEDE1 /* Info.plist */ = {isa = PBXFileReference; lastKnownFileType = text.plist.xml; path = Info.plist; sourceTree = "<group>"; };
		960138182423A0ED004DEDE1 /* MayaNetWork.swift */ = {isa = PBXFileReference; fileEncoding = 4; lastKnownFileType = sourcecode.swift; path = MayaNetWork.swift; sourceTree = "<group>"; };
		9601381A2423A0FD004DEDE1 /* Reachability.swift */ = {isa = PBXFileReference; fileEncoding = 4; lastKnownFileType = sourcecode.swift; path = Reachability.swift; sourceTree = "<group>"; };
		9601381C2423A146004DEDE1 /* XLDevice.swift */ = {isa = PBXFileReference; fileEncoding = 4; lastKnownFileType = sourcecode.swift; path = XLDevice.swift; sourceTree = "<group>"; };
		960138602423A5E2004DEDE1 /* BYMediaPlaySession.swift */ = {isa = PBXFileReference; fileEncoding = 4; lastKnownFileType = sourcecode.swift; path = BYMediaPlaySession.swift; sourceTree = "<group>"; };
		960138612423A5E2004DEDE1 /* BYMediaManager.swift */ = {isa = PBXFileReference; fileEncoding = 4; lastKnownFileType = sourcecode.swift; path = BYMediaManager.swift; sourceTree = "<group>"; };
		960138622423A5E2004DEDE1 /* BYMediaPlaySessionProtocol.swift */ = {isa = PBXFileReference; fileEncoding = 4; lastKnownFileType = sourcecode.swift; path = BYMediaPlaySessionProtocol.swift; sourceTree = "<group>"; };
		960138642423A5E2004DEDE1 /* BYMediaMeasuringLog.swift */ = {isa = PBXFileReference; fileEncoding = 4; lastKnownFileType = sourcecode.swift; path = BYMediaMeasuringLog.swift; sourceTree = "<group>"; };
		960138652423A5E2004DEDE1 /* BYMediaDevice.swift */ = {isa = PBXFileReference; fileEncoding = 4; lastKnownFileType = sourcecode.swift; path = BYMediaDevice.swift; sourceTree = "<group>"; };
		960138662423A5E2004DEDE1 /* BYMediaColor.swift */ = {isa = PBXFileReference; fileEncoding = 4; lastKnownFileType = sourcecode.swift; path = BYMediaColor.swift; sourceTree = "<group>"; };
		960138672423A5E2004DEDE1 /* BYMediaLog.swift */ = {isa = PBXFileReference; fileEncoding = 4; lastKnownFileType = sourcecode.swift; path = BYMediaLog.swift; sourceTree = "<group>"; };
		960138692423A5E2004DEDE1 /* BYSlider.swift */ = {isa = PBXFileReference; fileEncoding = 4; lastKnownFileType = sourcecode.swift; path = BYSlider.swift; sourceTree = "<group>"; };
		9601386A2423A5E2004DEDE1 /* BYSliderLayer.swift */ = {isa = PBXFileReference; fileEncoding = 4; lastKnownFileType = sourcecode.swift; path = BYSliderLayer.swift; sourceTree = "<group>"; };
		9601386B2423A5E2004DEDE1 /* BYLoadingLayer.swift */ = {isa = PBXFileReference; fileEncoding = 4; lastKnownFileType = sourcecode.swift; path = BYLoadingLayer.swift; sourceTree = "<group>"; };
		9601386C2423A5E2004DEDE1 /* BYFullScreenController.swift */ = {isa = PBXFileReference; fileEncoding = 4; lastKnownFileType = sourcecode.swift; path = BYFullScreenController.swift; sourceTree = "<group>"; };
		9601386D2423A5E2004DEDE1 /* BYPlayerLayer.swift */ = {isa = PBXFileReference; fileEncoding = 4; lastKnownFileType = sourcecode.swift; path = BYPlayerLayer.swift; sourceTree = "<group>"; };
		9601386F2423A5E2004DEDE1 /* BYMediaRemoteControlNotifcation.swift */ = {isa = PBXFileReference; fileEncoding = 4; lastKnownFileType = sourcecode.swift; path = BYMediaRemoteControlNotifcation.swift; sourceTree = "<group>"; };
		960138702423A5E2004DEDE1 /* BYMediaPlayNotifcation.swift */ = {isa = PBXFileReference; fileEncoding = 4; lastKnownFileType = sourcecode.swift; path = BYMediaPlayNotifcation.swift; sourceTree = "<group>"; };
		960138722423A5E2004DEDE1 /* BYMediaPlayManager.swift */ = {isa = PBXFileReference; fileEncoding = 4; lastKnownFileType = sourcecode.swift; path = BYMediaPlayManager.swift; sourceTree = "<group>"; };
		960138732423A5E2004DEDE1 /* BYMediaStreams.swift */ = {isa = PBXFileReference; fileEncoding = 4; lastKnownFileType = sourcecode.swift; path = BYMediaStreams.swift; sourceTree = "<group>"; };
		960138742423A5E2004DEDE1 /* BYMediaStreamsProtocol.swift */ = {isa = PBXFileReference; fileEncoding = 4; lastKnownFileType = sourcecode.swift; path = BYMediaStreamsProtocol.swift; sourceTree = "<group>"; };
		960138762423A5E2004DEDE1 /* BYMediaViewController.swift */ = {isa = PBXFileReference; fileEncoding = 4; lastKnownFileType = sourcecode.swift; path = BYMediaViewController.swift; sourceTree = "<group>"; };
		960138782423A5E2004DEDE1 /* BYMediaHuYaController.swift */ = {isa = PBXFileReference; fileEncoding = 4; lastKnownFileType = sourcecode.swift; path = BYMediaHuYaController.swift; sourceTree = "<group>"; };
		960138792423A5E2004DEDE1 /* BYMediaWeiBoController.swift */ = {isa = PBXFileReference; fileEncoding = 4; lastKnownFileType = sourcecode.swift; path = BYMediaWeiBoController.swift; sourceTree = "<group>"; };
		9601387A2423A5E2004DEDE1 /* BYMediaDouYinController.swift */ = {isa = PBXFileReference; fileEncoding = 4; lastKnownFileType = sourcecode.swift; path = BYMediaDouYinController.swift; sourceTree = "<group>"; };
		9601387B2423A5E2004DEDE1 /* BYMediaDataSource.swift */ = {isa = PBXFileReference; fileEncoding = 4; lastKnownFileType = sourcecode.swift; path = BYMediaDataSource.swift; sourceTree = "<group>"; };
		9601387D2423A5E2004DEDE1 /* BYMediaDouYinCell.swift */ = {isa = PBXFileReference; fileEncoding = 4; lastKnownFileType = sourcecode.swift; path = BYMediaDouYinCell.swift; sourceTree = "<group>"; };
		9601387E2423A5E2004DEDE1 /* BYMediaHuYaCell.swift */ = {isa = PBXFileReference; fileEncoding = 4; lastKnownFileType = sourcecode.swift; path = BYMediaHuYaCell.swift; sourceTree = "<group>"; };
/* End PBXFileReference section */

/* Begin PBXFrameworksBuildPhase section */
		960137A42423A066004DEDE1 /* Frameworks */ = {
			isa = PBXFrameworksBuildPhase;
			buildActionMask = 2147483647;
			files = (
			);
			runOnlyForDeploymentPostprocessing = 0;
		};
/* End PBXFrameworksBuildPhase section */

/* Begin PBXGroup section */
		9601379E2423A066004DEDE1 = {
			isa = PBXGroup;
			children = (
				960137A92423A066004DEDE1 /* BYPlayer */,
				960137A82423A066004DEDE1 /* Products */,
			);
			sourceTree = "<group>";
		};
		960137A82423A066004DEDE1 /* Products */ = {
			isa = PBXGroup;
			children = (
				960137A72423A066004DEDE1 /* BYPlayer.app */,
			);
			name = Products;
			sourceTree = "<group>";
		};
		960137A92423A066004DEDE1 /* BYPlayer */ = {
			isa = PBXGroup;
			children = (
				960138972423A8B1004DEDE1 /* Demo */,
				960137BE2423A09C004DEDE1 /* Source */,
				960137AA2423A066004DEDE1 /* AppDelegate.swift */,
				960137AE2423A066004DEDE1 /* ViewController.swift */,
				960137B32423A068004DEDE1 /* Assets.xcassets */,
				960137B52423A068004DEDE1 /* LaunchScreen.storyboard */,
				960137B82423A068004DEDE1 /* Info.plist */,
			);
			path = BYPlayer;
			sourceTree = "<group>";
		};
		960137BE2423A09C004DEDE1 /* Source */ = {
			isa = PBXGroup;
			children = (
				9601385E2423A5E2004DEDE1 /* BYCoreVideo */,
				9601381C2423A146004DEDE1 /* XLDevice.swift */,
				960138182423A0ED004DEDE1 /* MayaNetWork.swift */,
				9601381A2423A0FD004DEDE1 /* Reachability.swift */,
			);
			path = Source;
			sourceTree = "<group>";
		};
		9601385E2423A5E2004DEDE1 /* BYCoreVideo */ = {
			isa = PBXGroup;
			children = (
				9601385F2423A5E2004DEDE1 /* BYPlayInterface */,
				960138632423A5E2004DEDE1 /* BYMediaTool */,
				960138682423A5E2004DEDE1 /* BYMediaLayer */,
				9601386E2423A5E2004DEDE1 /* BYMediaNotification */,
				960138712423A5E2004DEDE1 /* BYMediaManager */,
			);
			path = BYCoreVideo;
			sourceTree = "<group>";
		};
		9601385F2423A5E2004DEDE1 /* BYPlayInterface */ = {
			isa = PBXGroup;
			children = (
				960138602423A5E2004DEDE1 /* BYMediaPlaySession.swift */,
				960138612423A5E2004DEDE1 /* BYMediaManager.swift */,
				960138622423A5E2004DEDE1 /* BYMediaPlaySessionProtocol.swift */,
			);
			path = BYPlayInterface;
			sourceTree = "<group>";
		};
		960138632423A5E2004DEDE1 /* BYMediaTool */ = {
			isa = PBXGroup;
			children = (
				960138642423A5E2004DEDE1 /* BYMediaMeasuringLog.swift */,
				960138652423A5E2004DEDE1 /* BYMediaDevice.swift */,
				960138662423A5E2004DEDE1 /* BYMediaColor.swift */,
				960138672423A5E2004DEDE1 /* BYMediaLog.swift */,
			);
			path = BYMediaTool;
			sourceTree = "<group>";
		};
		960138682423A5E2004DEDE1 /* BYMediaLayer */ = {
			isa = PBXGroup;
			children = (
				960138692423A5E2004DEDE1 /* BYSlider.swift */,
				9601386A2423A5E2004DEDE1 /* BYSliderLayer.swift */,
				9601386B2423A5E2004DEDE1 /* BYLoadingLayer.swift */,
				9601386C2423A5E2004DEDE1 /* BYFullScreenController.swift */,
				9601386D2423A5E2004DEDE1 /* BYPlayerLayer.swift */,
			);
			path = BYMediaLayer;
			sourceTree = "<group>";
		};
		9601386E2423A5E2004DEDE1 /* BYMediaNotification */ = {
			isa = PBXGroup;
			children = (
				9601386F2423A5E2004DEDE1 /* BYMediaRemoteControlNotifcation.swift */,
				960138702423A5E2004DEDE1 /* BYMediaPlayNotifcation.swift */,
			);
			path = BYMediaNotification;
			sourceTree = "<group>";
		};
		960138712423A5E2004DEDE1 /* BYMediaManager */ = {
			isa = PBXGroup;
			children = (
				960138722423A5E2004DEDE1 /* BYMediaPlayManager.swift */,
				960138732423A5E2004DEDE1 /* BYMediaStreams.swift */,
				960138742423A5E2004DEDE1 /* BYMediaStreamsProtocol.swift */,
			);
			path = BYMediaManager;
			sourceTree = "<group>";
		};
		960138752423A5E2004DEDE1 /* BYMediaController */ = {
			isa = PBXGroup;
			children = (
				960138762423A5E2004DEDE1 /* BYMediaViewController.swift */,
				960138772423A5E2004DEDE1 /* BYMediaController */,
				9601387B2423A5E2004DEDE1 /* BYMediaDataSource.swift */,
				9601387C2423A5E2004DEDE1 /* BYMediaCell */,
			);
			path = BYMediaController;
			sourceTree = "<group>";
		};
		960138772423A5E2004DEDE1 /* BYMediaController */ = {
			isa = PBXGroup;
			children = (
				960138782423A5E2004DEDE1 /* BYMediaHuYaController.swift */,
				960138792423A5E2004DEDE1 /* BYMediaWeiBoController.swift */,
				9601387A2423A5E2004DEDE1 /* BYMediaDouYinController.swift */,
			);
			path = BYMediaController;
			sourceTree = "<group>";
		};
		9601387C2423A5E2004DEDE1 /* BYMediaCell */ = {
			isa = PBXGroup;
			children = (
				9601387D2423A5E2004DEDE1 /* BYMediaDouYinCell.swift */,
				9601387E2423A5E2004DEDE1 /* BYMediaHuYaCell.swift */,
			);
			path = BYMediaCell;
			sourceTree = "<group>";
		};
		960138972423A8B1004DEDE1 /* Demo */ = {
			isa = PBXGroup;
			children = (
				960138752423A5E2004DEDE1 /* BYMediaController */,
			);
			path = Demo;
			sourceTree = "<group>";
		};
/* End PBXGroup section */

/* Begin PBXNativeTarget section */
		960137A62423A066004DEDE1 /* BYPlayer */ = {
			isa = PBXNativeTarget;
			buildConfigurationList = 960137BB2423A068004DEDE1 /* Build configuration list for PBXNativeTarget "BYPlayer" */;
			buildPhases = (
				960137A32423A066004DEDE1 /* Sources */,
				960137A42423A066004DEDE1 /* Frameworks */,
				960137A52423A066004DEDE1 /* Resources */,
			);
			buildRules = (
			);
			dependencies = (
			);
			name = BYPlayer;
			productName = BYPlayer;
			productReference = 960137A72423A066004DEDE1 /* BYPlayer.app */;
			productType = "com.apple.product-type.application";
		};
/* End PBXNativeTarget section */

/* Begin PBXProject section */
		9601379F2423A066004DEDE1 /* Project object */ = {
			isa = PBXProject;
			attributes = {
				LastSwiftUpdateCheck = 1130;
				LastUpgradeCheck = 1130;
				ORGANIZATIONNAME = "王腾飞";
				TargetAttributes = {
					960137A62423A066004DEDE1 = {
						CreatedOnToolsVersion = 11.3.1;
					};
				};
			};
			buildConfigurationList = 960137A22423A066004DEDE1 /* Build configuration list for PBXProject "BYPlayer" */;
			compatibilityVersion = "Xcode 9.3";
			developmentRegion = en;
			hasScannedForEncodings = 0;
			knownRegions = (
				en,
				Base,
			);
			mainGroup = 9601379E2423A066004DEDE1;
			productRefGroup = 960137A82423A066004DEDE1 /* Products */;
			projectDirPath = "";
			projectRoot = "";
			targets = (
				960137A62423A066004DEDE1 /* BYPlayer */,
			);
		};
/* End PBXProject section */

/* Begin PBXResourcesBuildPhase section */
		960137A52423A066004DEDE1 /* Resources */ = {
			isa = PBXResourcesBuildPhase;
			buildActionMask = 2147483647;
			files = (
				960137B72423A068004DEDE1 /* LaunchScreen.storyboard in Resources */,
				960137B42423A068004DEDE1 /* Assets.xcassets in Resources */,
			);
			runOnlyForDeploymentPostprocessing = 0;
		};
/* End PBXResourcesBuildPhase section */

/* Begin PBXSourcesBuildPhase section */
		960137A32423A066004DEDE1 /* Sources */ = {
			isa = PBXSourcesBuildPhase;
			buildActionMask = 2147483647;
			files = (
				960138922423A5E2004DEDE1 /* BYMediaWeiBoController.swift in Sources */,
				960138822423A5E2004DEDE1 /* BYMediaMeasuringLog.swift in Sources */,
				960138882423A5E2004DEDE1 /* BYLoadingLayer.swift in Sources */,
				960137AF2423A066004DEDE1 /* ViewController.swift in Sources */,
				960138192423A0ED004DEDE1 /* MayaNetWork.swift in Sources */,
				960138952423A5E2004DEDE1 /* BYMediaDouYinCell.swift in Sources */,
				960138912423A5E2004DEDE1 /* BYMediaHuYaController.swift in Sources */,
				960138832423A5E2004DEDE1 /* BYMediaDevice.swift in Sources */,
				960138852423A5E2004DEDE1 /* BYMediaLog.swift in Sources */,
				9601381B2423A0FD004DEDE1 /* Reachability.swift in Sources */,
				9601381D2423A146004DEDE1 /* XLDevice.swift in Sources */,
				9601388B2423A5E2004DEDE1 /* BYMediaRemoteControlNotifcation.swift in Sources */,
				960138872423A5E2004DEDE1 /* BYSliderLayer.swift in Sources */,
				960138892423A5E2004DEDE1 /* BYFullScreenController.swift in Sources */,
				9601388D2423A5E2004DEDE1 /* BYMediaPlayManager.swift in Sources */,
				960138812423A5E2004DEDE1 /* BYMediaPlaySessionProtocol.swift in Sources */,
				960138802423A5E2004DEDE1 /* BYMediaManager.swift in Sources */,
				9601388E2423A5E2004DEDE1 /* BYMediaStreams.swift in Sources */,
				9601388F2423A5E2004DEDE1 /* BYMediaStreamsProtocol.swift in Sources */,
				9601388C2423A5E2004DEDE1 /* BYMediaPlayNotifcation.swift in Sources */,
				9601387F2423A5E2004DEDE1 /* BYMediaPlaySession.swift in Sources */,
				960138942423A5E2004DEDE1 /* BYMediaDataSource.swift in Sources */,
				960138902423A5E2004DEDE1 /* BYMediaViewController.swift in Sources */,
				960138962423A5E2004DEDE1 /* BYMediaHuYaCell.swift in Sources */,
				960138842423A5E2004DEDE1 /* BYMediaColor.swift in Sources */,
				9601388A2423A5E2004DEDE1 /* BYPlayerLayer.swift in Sources */,
				960137AB2423A066004DEDE1 /* AppDelegate.swift in Sources */,
				960138862423A5E2004DEDE1 /* BYSlider.swift in Sources */,
				960138932423A5E2004DEDE1 /* BYMediaDouYinController.swift in Sources */,
			);
			runOnlyForDeploymentPostprocessing = 0;
		};
/* End PBXSourcesBuildPhase section */

/* Begin PBXVariantGroup section */
		960137B52423A068004DEDE1 /* LaunchScreen.storyboard */ = {
			isa = PBXVariantGroup;
			children = (
				960137B62423A068004DEDE1 /* Base */,
			);
			name = LaunchScreen.storyboard;
			sourceTree = "<group>";
		};
/* End PBXVariantGroup section */

/* Begin XCBuildConfiguration section */
		960137B92423A068004DEDE1 /* Debug */ = {
			isa = XCBuildConfiguration;
			buildSettings = {
				ALWAYS_SEARCH_USER_PATHS = NO;
				CLANG_ANALYZER_NONNULL = YES;
				CLANG_ANALYZER_NUMBER_OBJECT_CONVERSION = YES_AGGRESSIVE;
				CLANG_CXX_LANGUAGE_STANDARD = "gnu++14";
				CLANG_CXX_LIBRARY = "libc++";
				CLANG_ENABLE_MODULES = YES;
				CLANG_ENABLE_OBJC_ARC = YES;
				CLANG_ENABLE_OBJC_WEAK = YES;
				CLANG_WARN_BLOCK_CAPTURE_AUTORELEASING = YES;
				CLANG_WARN_BOOL_CONVERSION = YES;
				CLANG_WARN_COMMA = YES;
				CLANG_WARN_CONSTANT_CONVERSION = YES;
				CLANG_WARN_DEPRECATED_OBJC_IMPLEMENTATIONS = YES;
				CLANG_WARN_DIRECT_OBJC_ISA_USAGE = YES_ERROR;
				CLANG_WARN_DOCUMENTATION_COMMENTS = YES;
				CLANG_WARN_EMPTY_BODY = YES;
				CLANG_WARN_ENUM_CONVERSION = YES;
				CLANG_WARN_INFINITE_RECURSION = YES;
				CLANG_WARN_INT_CONVERSION = YES;
				CLANG_WARN_NON_LITERAL_NULL_CONVERSION = YES;
				CLANG_WARN_OBJC_IMPLICIT_RETAIN_SELF = YES;
				CLANG_WARN_OBJC_LITERAL_CONVERSION = YES;
				CLANG_WARN_OBJC_ROOT_CLASS = YES_ERROR;
				CLANG_WARN_RANGE_LOOP_ANALYSIS = YES;
				CLANG_WARN_STRICT_PROTOTYPES = YES;
				CLANG_WARN_SUSPICIOUS_MOVE = YES;
				CLANG_WARN_UNGUARDED_AVAILABILITY = YES_AGGRESSIVE;
				CLANG_WARN_UNREACHABLE_CODE = YES;
				CLANG_WARN__DUPLICATE_METHOD_MATCH = YES;
				COPY_PHASE_STRIP = NO;
				DEBUG_INFORMATION_FORMAT = dwarf;
				ENABLE_STRICT_OBJC_MSGSEND = YES;
				ENABLE_TESTABILITY = YES;
				GCC_C_LANGUAGE_STANDARD = gnu11;
				GCC_DYNAMIC_NO_PIC = NO;
				GCC_NO_COMMON_BLOCKS = YES;
				GCC_OPTIMIZATION_LEVEL = 0;
				GCC_PREPROCESSOR_DEFINITIONS = (
					"DEBUG=1",
					"$(inherited)",
				);
				GCC_WARN_64_TO_32_BIT_CONVERSION = YES;
				GCC_WARN_ABOUT_RETURN_TYPE = YES_ERROR;
				GCC_WARN_UNDECLARED_SELECTOR = YES;
				GCC_WARN_UNINITIALIZED_AUTOS = YES_AGGRESSIVE;
				GCC_WARN_UNUSED_FUNCTION = YES;
				GCC_WARN_UNUSED_VARIABLE = YES;
				IPHONEOS_DEPLOYMENT_TARGET = 13.2;
				MTL_ENABLE_DEBUG_INFO = INCLUDE_SOURCE;
				MTL_FAST_MATH = YES;
				ONLY_ACTIVE_ARCH = YES;
				SDKROOT = iphoneos;
				SWIFT_ACTIVE_COMPILATION_CONDITIONS = DEBUG;
				SWIFT_OPTIMIZATION_LEVEL = "-Onone";
			};
			name = Debug;
		};
		960137BA2423A068004DEDE1 /* Release */ = {
			isa = XCBuildConfiguration;
			buildSettings = {
				ALWAYS_SEARCH_USER_PATHS = NO;
				CLANG_ANALYZER_NONNULL = YES;
				CLANG_ANALYZER_NUMBER_OBJECT_CONVERSION = YES_AGGRESSIVE;
				CLANG_CXX_LANGUAGE_STANDARD = "gnu++14";
				CLANG_CXX_LIBRARY = "libc++";
				CLANG_ENABLE_MODULES = YES;
				CLANG_ENABLE_OBJC_ARC = YES;
				CLANG_ENABLE_OBJC_WEAK = YES;
				CLANG_WARN_BLOCK_CAPTURE_AUTORELEASING = YES;
				CLANG_WARN_BOOL_CONVERSION = YES;
				CLANG_WARN_COMMA = YES;
				CLANG_WARN_CONSTANT_CONVERSION = YES;
				CLANG_WARN_DEPRECATED_OBJC_IMPLEMENTATIONS = YES;
				CLANG_WARN_DIRECT_OBJC_ISA_USAGE = YES_ERROR;
				CLANG_WARN_DOCUMENTATION_COMMENTS = YES;
				CLANG_WARN_EMPTY_BODY = YES;
				CLANG_WARN_ENUM_CONVERSION = YES;
				CLANG_WARN_INFINITE_RECURSION = YES;
				CLANG_WARN_INT_CONVERSION = YES;
				CLANG_WARN_NON_LITERAL_NULL_CONVERSION = YES;
				CLANG_WARN_OBJC_IMPLICIT_RETAIN_SELF = YES;
				CLANG_WARN_OBJC_LITERAL_CONVERSION = YES;
				CLANG_WARN_OBJC_ROOT_CLASS = YES_ERROR;
				CLANG_WARN_RANGE_LOOP_ANALYSIS = YES;
				CLANG_WARN_STRICT_PROTOTYPES = YES;
				CLANG_WARN_SUSPICIOUS_MOVE = YES;
				CLANG_WARN_UNGUARDED_AVAILABILITY = YES_AGGRESSIVE;
				CLANG_WARN_UNREACHABLE_CODE = YES;
				CLANG_WARN__DUPLICATE_METHOD_MATCH = YES;
				COPY_PHASE_STRIP = NO;
				DEBUG_INFORMATION_FORMAT = "dwarf-with-dsym";
				ENABLE_NS_ASSERTIONS = NO;
				ENABLE_STRICT_OBJC_MSGSEND = YES;
				GCC_C_LANGUAGE_STANDARD = gnu11;
				GCC_NO_COMMON_BLOCKS = YES;
				GCC_WARN_64_TO_32_BIT_CONVERSION = YES;
				GCC_WARN_ABOUT_RETURN_TYPE = YES_ERROR;
				GCC_WARN_UNDECLARED_SELECTOR = YES;
				GCC_WARN_UNINITIALIZED_AUTOS = YES_AGGRESSIVE;
				GCC_WARN_UNUSED_FUNCTION = YES;
				GCC_WARN_UNUSED_VARIABLE = YES;
				IPHONEOS_DEPLOYMENT_TARGET = 13.2;
				MTL_ENABLE_DEBUG_INFO = NO;
				MTL_FAST_MATH = YES;
				SDKROOT = iphoneos;
				SWIFT_COMPILATION_MODE = wholemodule;
				SWIFT_OPTIMIZATION_LEVEL = "-O";
				VALIDATE_PRODUCT = YES;
			};
			name = Release;
		};
		960137BC2423A068004DEDE1 /* Debug */ = {
			isa = XCBuildConfiguration;
			buildSettings = {
				ASSETCATALOG_COMPILER_APPICON_NAME = AppIcon;
				CODE_SIGN_STYLE = Automatic;
				INFOPLIST_FILE = BYPlayer/Info.plist;
				IPHONEOS_DEPLOYMENT_TARGET = 10.0;
				LD_RUNPATH_SEARCH_PATHS = (
					"$(inherited)",
					"@executable_path/Frameworks",
				);
				PRODUCT_BUNDLE_IDENTIFIER = com.lianxin.BYPlayer;
				PRODUCT_NAME = "$(TARGET_NAME)";
				SWIFT_VERSION = 5.0;
				TARGETED_DEVICE_FAMILY = 1;
			};
			name = Debug;
		};
		960137BD2423A068004DEDE1 /* Release */ = {
			isa = XCBuildConfiguration;
			buildSettings = {
				ASSETCATALOG_COMPILER_APPICON_NAME = AppIcon;
				CODE_SIGN_STYLE = Automatic;
				INFOPLIST_FILE = BYPlayer/Info.plist;
				IPHONEOS_DEPLOYMENT_TARGET = 10.0;
				LD_RUNPATH_SEARCH_PATHS = (
					"$(inherited)",
					"@executable_path/Frameworks",
				);
				PRODUCT_BUNDLE_IDENTIFIER = com.lianxin.BYPlayer;
				PRODUCT_NAME = "$(TARGET_NAME)";
				SWIFT_VERSION = 5.0;
				TARGETED_DEVICE_FAMILY = 1;
			};
			name = Release;
		};
/* End XCBuildConfiguration section */

/* Begin XCConfigurationList section */
		960137A22423A066004DEDE1 /* Build configuration list for PBXProject "BYPlayer" */ = {
			isa = XCConfigurationList;
			buildConfigurations = (
				960137B92423A068004DEDE1 /* Debug */,
				960137BA2423A068004DEDE1 /* Release */,
			);
			defaultConfigurationIsVisible = 0;
			defaultConfigurationName = Release;
		};
		960137BB2423A068004DEDE1 /* Build configuration list for PBXNativeTarget "BYPlayer" */ = {
			isa = XCConfigurationList;
			buildConfigurations = (
				960137BC2423A068004DEDE1 /* Debug */,
				960137BD2423A068004DEDE1 /* Release */,
			);
			defaultConfigurationIsVisible = 0;
			defaultConfigurationName = Release;
		};
/* End XCConfigurationList section */
	};
	rootObject = 9601379F2423A066004DEDE1 /* Project object */;
}
